Microsoft Visual Studio Solution File, Format Version 12.00
# Visual Studio Version 17
VisualStudioVersion = 17.5.2.0
MinimumVisualStudioVersion = 10.0.40219.1
Project("{FAE04EC0-301F-11D3-BF4B-00C04F79EFBC}") = "Module6Lab", "Module6Lab\Module6Lab.csproj", "{59CE8519-157A-3582-FEE1-053CB119596C}"
EndProject
Global
	GlobalSection(SolutionConfigurationPlatforms) = preSolution
		Debug|Any CPU = Debug|Any CPU
		Release|Any CPU = Release|Any CPU
	EndGlobalSection
	GlobalSection(ProjectConfigurationPlatforms) = postSolution
		{59CE8519-157A-3582-FEE1-053CB119596C}.Debug|Any CPU.ActiveCfg = Debug|Any CPU
		{59CE8519-157A-3582-FEE1-053CB119596C}.Debug|Any CPU.Build.0 = Debug|Any CPU
		{59CE8519-157A-3582-FEE1-053CB119596C}.Release|Any CPU.ActiveCfg = Release|Any CPU
		{59CE8519-157A-3582-FEE1-053CB119596C}.Release|Any CPU.Build.0 = Release|Any CPU
	EndGlobalSection
	GlobalSection(SolutionProperties) = preSolution
		HideSolutionNode = FALSE
	EndGlobalSection
	GlobalSection(ExtensibilityGlobals) = postSolution
		SolutionGuid = {6E2688CC-8D23-45FA-A5D0-5225C0F06EF3}
	EndGlobalSection
EndGlobal
